<?xml version="1.0" encoding="UTF-8" standalone="yes" ?>
<CodeBlocks_project_file>
	<FileVersion major="1" minor="6" />
	<Project>
		<Option title="bga" />
		<Option pch_mode="2" />
		<Option compiler="gcc" />
		<Build>
			<Target title="Debug">
				<Option output="../bin/Debug/bga" prefix_auto="1" extension_auto="1" />
				<Option object_output="../obj/Debug/" />
				<Option type="0" />
				<Option compiler="gcc" />
				<Compiler>
					<Add option="-g" />
				</Compiler>
			</Target>
			<Target title="Release">
				<Option output="../bin/Release/bga" prefix_auto="1" extension_auto="1" />
				<Option object_output="../obj/Release/" />
				<Option type="1" />
				<Option compiler="gcc" />
				<Compiler>
					<Add option="-O2" />
				</Compiler>
				<Linker>
					<Add option="-s" />
				</Linker>
			</Target>
		</Build>
		<Compiler>
			<Add option="-Wall" />
		</Compiler>
		<Linker>
			<Add library="X11" />
		</Linker>
		<Unit filename="bga/ability.cpp" />
		<Unit filename="bga/ability.h" />
		<Unit filename="bga/acm.cpp" />
		<Unit filename="bga/action.cpp" />
		<Unit filename="bga/action.h" />
		<Unit filename="bga/actor.cpp" />
		<Unit filename="bga/actor.h" />
		<Unit filename="bga/adat.h" />
		<Unit filename="bga/advance.h" />
		<Unit filename="bga/alignment.cpp" />
		<Unit filename="bga/alignment.h" />
		<Unit filename="bga/ambient.cpp" />
		<Unit filename="bga/ambient.h" />
		<Unit filename="bga/animation.cpp" />
		<Unit filename="bga/animation.h" />
		<Unit filename="bga/answers.cpp" />
		<Unit filename="bga/answers.h" />
		<Unit filename="bga/arcfile.cpp" />
		<Unit filename="bga/arcfile.h" />
		<Unit filename="bga/archive.cpp" />
		<Unit filename="bga/archive.h" />
		<Unit filename="bga/area.cpp" />
		<Unit filename="bga/area.h" />
		<Unit filename="bga/area_path.cpp" />
		<Unit filename="bga/array.cpp" />
		<Unit filename="bga/array.h" />
		<Unit filename="bga/attack.cpp" />
		<Unit filename="bga/attack.h" />
		<Unit filename="bga/audio.cpp" />
		<Unit filename="bga/audio.h" />
		<Unit filename="bga/bsdata.h" />
		<Unit filename="bga/bsreq.cpp" />
		<Unit filename="bga/bsreq.h" />
		<Unit filename="bga/bstream.cpp" />
		<Unit filename="bga/bstream.h" />
		<Unit filename="bga/calendar.cpp" />
		<Unit filename="bga/calendar.h" />
		<Unit filename="bga/class.cpp" />
		<Unit filename="bga/class.h" />
		<Unit filename="bga/collection.cpp" />
		<Unit filename="bga/collection.h" />
		<Unit filename="bga/color.cpp" />
		<Unit filename="bga/color.h" />
		<Unit filename="bga/coloration.cpp" />
		<Unit filename="bga/coloration.h" />
		<Unit filename="bga/colorgrad.cpp" />
		<Unit filename="bga/colorgrad.h" />
		<Unit filename="bga/command.cpp" />
		<Unit filename="bga/command.h" />
		<Unit filename="bga/condition.cpp" />
		<Unit filename="bga/condition.h" />
		<Unit filename="bga/console.cpp" />
		<Unit filename="bga/console.h" />
		<Unit filename="bga/container.cpp" />
		<Unit filename="bga/container.h" />
		<Unit filename="bga/creature.cpp" />
		<Unit filename="bga/creature.h" />
		<Unit filename="bga/damage.cpp" />
		<Unit filename="bga/damage.h" />
		<Unit filename="bga/dice.cpp" />
		<Unit filename="bga/dice.h" />
		<Unit filename="bga/diety.cpp" />
		<Unit filename="bga/diety.h" />
		<Unit filename="bga/direction.cpp" />
		<Unit filename="bga/direction.h" />
		<Unit filename="bga/door.cpp" />
		<Unit filename="bga/door.h" />
		<Unit filename="bga/draw.cpp" />
		<Unit filename="bga/draw.h" />
		<Unit filename="bga/draw_text.cpp" />
		<Unit filename="bga/draw_textf.cpp" />
		<Unit filename="bga/drawable.cpp" />
		<Unit filename="bga/drawable.h" />
		<Unit filename="bga/duration.h" />
		<Unit filename="bga/entrance.cpp" />
		<Unit filename="bga/entrance.h" />
		<Unit filename="bga/enum.h" />
		<Unit filename="bga/feat.cpp" />
		<Unit filename="bga/feat.h" />
		<Unit filename="bga/flagable.h" />
		<Unit filename="bga/floattext.cpp" />
		<Unit filename="bga/floattext.h" />
		<Unit filename="bga/form.h" />
		<Unit filename="bga/formation.cpp" />
		<Unit filename="bga/formation.h" />
		<Unit filename="bga/ftflag.h" />
		<Unit filename="bga/game.cpp" />
		<Unit filename="bga/game.h" />
		<Unit filename="bga/gender.cpp" />
		<Unit filename="bga/gender.h" />
		<Unit filename="bga/geography.cpp" />
		<Unit filename="bga/geography.h" />
		<Unit filename="bga/help.cpp" />
		<Unit filename="bga/help.h" />
		<Unit filename="bga/information.cpp" />
		<Unit filename="bga/io_bsreq.cpp" />
		<Unit filename="bga/io_stream.cpp" />
		<Unit filename="bga/io_stream.h" />
		<Unit filename="bga/item.cpp" />
		<Unit filename="bga/item.h" />
		<Unit filename="bga/itema.cpp" />
		<Unit filename="bga/itema.h" />
		<Unit filename="bga/itemground.h" />
		<Unit filename="bga/iteminside.cpp" />
		<Unit filename="bga/iteminside.h" />
		<Unit filename="bga/itemlist.cpp" />
		<Unit filename="bga/itemlist.h" />
		<Unit filename="bga/keybind.cpp" />
		<Unit filename="bga/keybind.h" />
		<Unit filename="bga/list.cpp" />
		<Unit filename="bga/list.h" />
		<Unit filename="bga/locale.cpp" />
		<Unit filename="bga/log.cpp" />
		<Unit filename="bga/log.h" />
		<Unit filename="bga/logvalue.cpp" />
		<Unit filename="bga/logvalue.h" />
		<Unit filename="bga/magic.cpp" />
		<Unit filename="bga/magic.h" />
		<Unit filename="bga/main.cpp" />
		<Unit filename="bga/manager.cpp" />
		<Unit filename="bga/manager.h" />
		<Unit filename="bga/math.cpp" />
		<Unit filename="bga/math.h" />
		<Unit filename="bga/metadata.cpp" />
		<Unit filename="bga/modifier.cpp" />
		<Unit filename="bga/modifier.h" />
		<Unit filename="bga/moveable.cpp" />
		<Unit filename="bga/moveable.h" />
		<Unit filename="bga/mtevent.cpp" />
		<Unit filename="bga/nameable.cpp" />
		<Unit filename="bga/nameable.h" />
		<Unit filename="bga/namestr.cpp" />
		<Unit filename="bga/namestr.h" />
		<Unit filename="bga/nix_audio.cpp" />
		<Unit filename="bga/nix_draw3x.cpp" />
		<Unit filename="bga/nix_io_file.cpp" />
		<Unit filename="bga/nix_time.cpp" />
		<Unit filename="bga/npc.cpp" />
		<Unit filename="bga/npc.h" />
		<Unit filename="bga/option.cpp" />
		<Unit filename="bga/option.h" />
		<Unit filename="bga/order.cpp" />
		<Unit filename="bga/order.h" />
		<Unit filename="bga/party.cpp" />
		<Unit filename="bga/party.h" />
		<Unit filename="bga/playlist.cpp" />
		<Unit filename="bga/playlist.h" />
		<Unit filename="bga/point.cpp" />
		<Unit filename="bga/point.h" />
		<Unit filename="bga/portrait.cpp" />
		<Unit filename="bga/portrait.h" />
		<Unit filename="bga/pushvalue.h" />
		<Unit filename="bga/race.cpp" />
		<Unit filename="bga/race.h" />
		<Unit filename="bga/rand.h" />
		<Unit filename="bga/range.cpp" />
		<Unit filename="bga/range.h" />
		<Unit filename="bga/rect.h" />
		<Unit filename="bga/rects.h" />
		<Unit filename="bga/region.cpp" />
		<Unit filename="bga/region.h" />
		<Unit filename="bga/resinfo.cpp" />
		<Unit filename="bga/resinfo.h" />
		<Unit filename="bga/resname.cpp" />
		<Unit filename="bga/resname.h" />
		<Unit filename="bga/rfiles.cpp" />
		<Unit filename="bga/rfiles.h" />
		<Unit filename="bga/saveheader.h" />
		<Unit filename="bga/scale2x.cpp" />
		<Unit filename="bga/school.cpp" />
		<Unit filename="bga/school.h" />
		<Unit filename="bga/screenshoot.cpp" />
		<Unit filename="bga/screenshoot.h" />
		<Unit filename="bga/script.cpp" />
		<Unit filename="bga/script.h" />
		<Unit filename="bga/scripting.cpp" />
		<Unit filename="bga/scrollable.cpp" />
		<Unit filename="bga/scrollable.h" />
		<Unit filename="bga/seqlink.h" />
		<Unit filename="bga/skill.cpp" />
		<Unit filename="bga/skill.h" />
		<Unit filename="bga/slice.h" />
		<Unit filename="bga/sliceu.h" />
		<Unit filename="bga/spell.cpp" />
		<Unit filename="bga/spell.h" />
		<Unit filename="bga/store.cpp" />
		<Unit filename="bga/store.h" />
		<Unit filename="bga/stringact.h" />
		<Unit filename="bga/stringbuilder.cpp" />
		<Unit filename="bga/stringbuilder.h" />
		<Unit filename="bga/stringvar.cpp" />
		<Unit filename="bga/stringvar.h" />
		<Unit filename="bga/surface_serial.cpp" />
		<Unit filename="bga/szdup.cpp" />
		<Unit filename="bga/tag.cpp" />
		<Unit filename="bga/tag.h" />
		<Unit filename="bga/thread.cpp" />
		<Unit filename="bga/thread.h" />
		<Unit filename="bga/timer.cpp" />
		<Unit filename="bga/timer.h" />
		<Unit filename="bga/variant.cpp" />
		<Unit filename="bga/variant.h" />
		<Unit filename="bga/vector.h" />
		<Unit filename="bga/view.h" />
		<Unit filename="bga/view_area.cpp" />
		<Unit filename="bga/view_dialog.cpp" />
		<Unit filename="bga/view_generate.cpp" />
		<Unit filename="bga/view_list.cpp" />
		<Unit filename="bga/view_list.h" />
		<Unit filename="bga/view_save_load.cpp" />
		<Unit filename="bga/view_store.cpp" />
		<Unit filename="bga/view_tool.cpp" />
		<Unit filename="bga/wear.cpp" />
		<Unit filename="bga/wear.h" />
		<Unit filename="bga/wearable.cpp" />
		<Unit filename="bga/wearable.h" />
		<Unit filename="bga/worldmap.cpp" />
		<Unit filename="bga/worldmap.h" />
		<Unit filename="doc/test/AR1000.inf" />
		<Unit filename="errors.txt" />
		<Unit filename="rules/Advance.txt" />
		<Unit filename="rules/Basic.txt" />
		<Unit filename="rules/Calendar.txt" />
		<Unit filename="rules/Classes.txt" />
		<Unit filename="rules/Colors.txt" />
		<Unit filename="rules/Diety.txt" />
		<Unit filename="rules/Feats.txt" />
		<Unit filename="rules/Hotkeys.txt" />
		<Unit filename="rules/Items.txt" />
		<Unit filename="rules/Monsters.txt" />
		<Unit filename="rules/Playlist.txt" />
		<Unit filename="rules/Races.txt" />
		<Unit filename="rules/Spells.txt" />
		<Unit filename="rules/Store.txt" />
		<Unit filename="rules/Worldmap.txt" />
		<Extensions />
	</Project>
</CodeBlocks_project_file>
