<?xml version="1.0" encoding="utf-8"?>
<Project ToolsVersion="4.0" xmlns="http://schemas.microsoft.com/developer/msbuild/2003">
  <ItemGroup>
    <Filter Include="locale">
      <UniqueIdentifier>{b55527a2-73a3-4fe4-a6c0-13de9b44943a}</UniqueIdentifier>
    </Filter>
    <Filter Include="rules">
      <UniqueIdentifier>{0a73308c-f187-4489-bb8a-54533463a7f3}</UniqueIdentifier>
    </Filter>
    <Filter Include="interface">
      <UniqueIdentifier>{0d54798e-d64d-42ee-ab08-28f758f38939}</UniqueIdentifier>
    </Filter>
    <Filter Include="logic">
      <UniqueIdentifier>{cde343df-b51c-4262-8250-afdfd4b87ed6}</UniqueIdentifier>
    </Filter>
    <Filter Include="support">
      <UniqueIdentifier>{61e38f6f-d133-44ca-9a03-00182628e02a}</UniqueIdentifier>
    </Filter>
    <Filter Include="platform">
      <UniqueIdentifier>{77797725-0262-4445-b638-cf0d9dafa2f0}</UniqueIdentifier>
    </Filter>
    <Filter Include="utils">
      <UniqueIdentifier>{bf637da8-ca55-44db-a400-4c1ad2c2d468}</UniqueIdentifier>
    </Filter>
    <Filter Include="forms">
      <UniqueIdentifier>{071b14e1-b9f1-44ae-a499-6520f346576d}</UniqueIdentifier>
    </Filter>
  </ItemGroup>
  <ItemGroup>
    <Text Include="..\rules\Colors.txt">
      <Filter>rules</Filter>
    </Text>
    <Text Include="..\rules\Items.txt">
      <Filter>rules</Filter>
    </Text>
    <Text Include="..\errors.txt">
      <Filter>rules</Filter>
    </Text>
    <Text Include="..\forms\GUIINVAB.txt">
      <Filter>forms</Filter>
    </Text>
    <Text Include="..\rules\Races.txt">
      <Filter>rules</Filter>
    </Text>
    <Text Include="..\rules\Advance.txt">
      <Filter>rules</Filter>
    </Text>
    <Text Include="..\rules\Classes.txt">
      <Filter>rules</Filter>
    </Text>
    <Text Include="..\rules\Basic.txt">
      <Filter>rules</Filter>
    </Text>
    <Text Include="..\rules\Feats.txt">
      <Filter>rules</Filter>
    </Text>
    <Text Include="..\rules\Worldmap.txt">
      <Filter>rules</Filter>
    </Text>
    <Text Include="..\rules\Calendar.txt">
      <Filter>rules</Filter>
    </Text>
    <Text Include="..\forms\GUISTIDB.txt">
      <Filter>forms</Filter>
    </Text>
    <Text Include="..\rules\Store.txt">
      <Filter>rules</Filter>
    </Text>
    <Text Include="..\forms\GUISTBSB.txt">
      <Filter>forms</Filter>
    </Text>
    <Text Include="..\locale\ru\Abilities.txt">
      <Filter>locale</Filter>
    </Text>
    <Text Include="..\locale\ru\Alignments.txt">
      <Filter>locale</Filter>
    </Text>
    <Text Include="..\locale\ru\Area.txt">
      <Filter>locale</Filter>
    </Text>
    <Text Include="..\locale\ru\Feats.txt">
      <Filter>locale</Filter>
    </Text>
    <Text Include="..\locale\ru\Items.txt">
      <Filter>locale</Filter>
    </Text>
    <Text Include="..\locale\ru\Names.txt">
      <Filter>locale</Filter>
    </Text>
    <Text Include="..\locale\ru\NamesNewbe.txt">
      <Filter>locale</Filter>
    </Text>
    <Text Include="..\locale\ru\Skills.txt">
      <Filter>locale</Filter>
    </Text>
    <Text Include="..\locale\ru\UnknownNames.txt">
      <Filter>locale</Filter>
    </Text>
    <Text Include="..\rules\Spells.txt">
      <Filter>rules</Filter>
    </Text>
    <Text Include="..\locale\ru\Spells.txt">
      <Filter>locale</Filter>
    </Text>
    <Text Include="..\rules\Diety.txt">
      <Filter>rules</Filter>
    </Text>
    <Text Include="..\locale\ru\Classes.txt">
      <Filter>locale</Filter>
    </Text>
    <Text Include="..\rules\Characters.txt">
      <Filter>rules</Filter>
    </Text>
  </ItemGroup>
  <ItemGroup>
    <ClCompile Include="ability.cpp">
      <Filter>logic</Filter>
    </ClCompile>
    <ClCompile Include="information.cpp">
      <Filter>logic</Filter>
    </ClCompile>
    <ClCompile Include="item.cpp">
      <Filter>logic</Filter>
    </ClCompile>
    <ClCompile Include="magic.cpp">
      <Filter>logic</Filter>
    </ClCompile>
    <ClCompile Include="main.cpp">
      <Filter>logic</Filter>
    </ClCompile>
    <ClCompile Include="metadata.cpp">
      <Filter>logic</Filter>
    </ClCompile>
    <ClCompile Include="range.cpp">
      <Filter>logic</Filter>
    </ClCompile>
    <ClCompile Include="wear.cpp">
      <Filter>logic</Filter>
    </ClCompile>
    <ClCompile Include="wearable.cpp">
      <Filter>logic</Filter>
    </ClCompile>
    <ClCompile Include="nameable.cpp">
      <Filter>support</Filter>
    </ClCompile>
    <ClCompile Include="bsreq.cpp">
      <Filter>support</Filter>
    </ClCompile>
    <ClCompile Include="io_stream.cpp">
      <Filter>support</Filter>
    </ClCompile>
    <ClCompile Include="script.cpp">
      <Filter>support</Filter>
    </ClCompile>
    <ClCompile Include="stringbuilder.cpp">
      <Filter>support</Filter>
    </ClCompile>
    <ClCompile Include="variant.cpp">
      <Filter>support</Filter>
    </ClCompile>
    <ClCompile Include="io_bsreq.cpp">
      <Filter>support</Filter>
    </ClCompile>
    <ClCompile Include="list.cpp">
      <Filter>support</Filter>
    </ClCompile>
    <ClCompile Include="log.cpp">
      <Filter>support</Filter>
    </ClCompile>
    <ClCompile Include="draw.cpp">
      <Filter>interface</Filter>
    </ClCompile>
    <ClCompile Include="draw_answers.cpp">
      <Filter>interface</Filter>
    </ClCompile>
    <ClCompile Include="color.cpp">
      <Filter>support</Filter>
    </ClCompile>
    <ClCompile Include="point.cpp">
      <Filter>support</Filter>
    </ClCompile>
    <ClCompile Include="screenshoot.cpp">
      <Filter>support</Filter>
    </ClCompile>
    <ClCompile Include="answers.cpp">
      <Filter>support</Filter>
    </ClCompile>
    <ClCompile Include="win_draw.cpp">
      <Filter>platform</Filter>
    </ClCompile>
    <ClCompile Include="win_io_file.cpp">
      <Filter>platform</Filter>
    </ClCompile>
    <ClCompile Include="win_time.cpp">
      <Filter>platform</Filter>
    </ClCompile>
    <ClCompile Include="scripting.cpp">
      <Filter>logic</Filter>
    </ClCompile>
    <ClCompile Include="gender.cpp">
      <Filter>logic</Filter>
    </ClCompile>
    <ClCompile Include="draw_text.cpp">
      <Filter>interface</Filter>
    </ClCompile>
    <ClCompile Include="draw_textf.cpp">
      <Filter>interface</Filter>
    </ClCompile>
    <ClCompile Include="szdup.cpp">
      <Filter>support</Filter>
    </ClCompile>
    <ClCompile Include="main_util.cpp">
      <Filter>utils</Filter>
    </ClCompile>
    <ClCompile Include="sprite_util.cpp">
      <Filter>utils</Filter>
    </ClCompile>
    <ClCompile Include="bstream.cpp">
      <Filter>support</Filter>
    </ClCompile>
    <ClCompile Include="surface_serial.cpp">
      <Filter>support</Filter>
    </ClCompile>
    <ClCompile Include="zip_util.cpp">
      <Filter>utils</Filter>
    </ClCompile>
    <ClCompile Include="resid.cpp">
      <Filter>interface</Filter>
    </ClCompile>
    <ClCompile Include="colorgrad.cpp">
      <Filter>interface</Filter>
    </ClCompile>
    <ClCompile Include="resinfo.cpp">
      <Filter>interface</Filter>
    </ClCompile>
    <ClCompile Include="creature.cpp">
      <Filter>logic</Filter>
    </ClCompile>
    <ClCompile Include="portrait.cpp">
      <Filter>logic</Filter>
    </ClCompile>
    <ClCompile Include="collection.cpp">
      <Filter>support</Filter>
    </ClCompile>
    <ClCompile Include="race.cpp">
      <Filter>logic</Filter>
    </ClCompile>
    <ClCompile Include="map.cpp">
      <Filter>logic</Filter>
    </ClCompile>
    <ClCompile Include="area.cpp">
      <Filter>logic</Filter>
    </ClCompile>
    <ClCompile Include="archive.cpp">
      <Filter>support</Filter>
    </ClCompile>
    <ClCompile Include="damage.cpp">
      <Filter>logic</Filter>
    </ClCompile>
    <ClCompile Include="modifier.cpp">
      <Filter>logic</Filter>
    </ClCompile>
    <ClCompile Include="coloration.cpp">
      <Filter>logic</Filter>
    </ClCompile>
    <ClCompile Include="feat.cpp">
      <Filter>logic</Filter>
    </ClCompile>
    <ClCompile Include="class.cpp">
      <Filter>logic</Filter>
    </ClCompile>
    <ClCompile Include="attack.cpp">
      <Filter>logic</Filter>
    </ClCompile>
    <ClCompile Include="alignment.cpp">
      <Filter>logic</Filter>
    </ClCompile>
    <ClCompile Include="console.cpp">
      <Filter>support</Filter>
    </ClCompile>
    <ClCompile Include="scrollable.cpp">
      <Filter>support</Filter>
    </ClCompile>
    <ClCompile Include="drawable.cpp">
      <Filter>interface</Filter>
    </ClCompile>
    <ClCompile Include="skill.cpp">
      <Filter>logic</Filter>
    </ClCompile>
    <ClCompile Include="door.cpp">
      <Filter>logic</Filter>
    </ClCompile>
    <ClCompile Include="floattext.cpp">
      <Filter>logic</Filter>
    </ClCompile>
    <ClCompile Include="timer.cpp">
      <Filter>support</Filter>
    </ClCompile>
    <ClCompile Include="entrance.cpp">
      <Filter>logic</Filter>
    </ClCompile>
    <ClCompile Include="game.cpp">
      <Filter>logic</Filter>
    </ClCompile>
    <ClCompile Include="dice.cpp">
      <Filter>support</Filter>
    </ClCompile>
    <ClCompile Include="animation.cpp">
      <Filter>logic</Filter>
    </ClCompile>
    <ClCompile Include="tag.cpp">
      <Filter>logic</Filter>
    </ClCompile>
    <ClCompile Include="variable.cpp">
      <Filter>logic</Filter>
    </ClCompile>
    <ClCompile Include="formation.cpp">
      <Filter>logic</Filter>
    </ClCompile>
    <ClCompile Include="actor.cpp">
      <Filter>logic</Filter>
    </ClCompile>
    <ClCompile Include="itema.cpp">
      <Filter>logic</Filter>
    </ClCompile>
    <ClCompile Include="scale2x.cpp">
      <Filter>interface</Filter>
    </ClCompile>
    <ClCompile Include="worldmap.cpp">
      <Filter>logic</Filter>
    </ClCompile>
    <ClCompile Include="geography.cpp">
      <Filter>logic</Filter>
    </ClCompile>
    <ClCompile Include="calendar.cpp">
      <Filter>logic</Filter>
    </ClCompile>
    <ClCompile Include="draw_focus.cpp">
      <Filter>interface</Filter>
    </ClCompile>
    <ClCompile Include="store.cpp">
      <Filter>logic</Filter>
    </ClCompile>
    <ClCompile Include="iteminside.cpp">
      <Filter>logic</Filter>
    </ClCompile>
    <ClCompile Include="itemlist.cpp">
      <Filter>logic</Filter>
    </ClCompile>
    <ClCompile Include="order.cpp">
      <Filter>logic</Filter>
    </ClCompile>
    <ClCompile Include="locale.cpp">
      <Filter>support</Filter>
    </ClCompile>
    <ClCompile Include="array.cpp">
      <Filter>support</Filter>
    </ClCompile>
    <ClCompile Include="math.cpp">
      <Filter>support</Filter>
    </ClCompile>
    <ClCompile Include="stringvar.cpp">
      <Filter>support</Filter>
    </ClCompile>
    <ClCompile Include="view_dialog.cpp">
      <Filter>logic</Filter>
    </ClCompile>
    <ClCompile Include="view_area.cpp">
      <Filter>logic</Filter>
    </ClCompile>
    <ClCompile Include="view_list.cpp">
      <Filter>logic</Filter>
    </ClCompile>
    <ClCompile Include="view_tool.cpp">
      <Filter>logic</Filter>
    </ClCompile>
    <ClCompile Include="help.cpp">
      <Filter>logic</Filter>
    </ClCompile>
    <ClCompile Include="spell.cpp">
      <Filter>logic</Filter>
    </ClCompile>
    <ClCompile Include="logvalue.cpp">
      <Filter>support</Filter>
    </ClCompile>
    <ClCompile Include="diety.cpp">
      <Filter>logic</Filter>
    </ClCompile>
    <ClCompile Include="school.cpp">
      <Filter>logic</Filter>
    </ClCompile>
    <ClCompile Include="view_store.cpp">
      <Filter>logic</Filter>
    </ClCompile>
    <ClCompile Include="direction.cpp">
      <Filter>logic</Filter>
    </ClCompile>
  </ItemGroup>
  <ItemGroup>
    <ClInclude Include="ability.h">
      <Filter>logic</Filter>
    </ClInclude>
    <ClInclude Include="creature.h">
      <Filter>logic</Filter>
    </ClInclude>
    <ClInclude Include="item.h">
      <Filter>logic</Filter>
    </ClInclude>
    <ClInclude Include="magic.h">
      <Filter>logic</Filter>
    </ClInclude>
    <ClInclude Include="range.h">
      <Filter>logic</Filter>
    </ClInclude>
    <ClInclude Include="wear.h">
      <Filter>logic</Filter>
    </ClInclude>
    <ClInclude Include="wearable.h">
      <Filter>logic</Filter>
    </ClInclude>
    <ClInclude Include="nameable.h">
      <Filter>support</Filter>
    </ClInclude>
    <ClInclude Include="bsreq.h">
      <Filter>support</Filter>
    </ClInclude>
    <ClInclude Include="io_stream.h">
      <Filter>support</Filter>
    </ClInclude>
    <ClInclude Include="script.h">
      <Filter>support</Filter>
    </ClInclude>
    <ClInclude Include="stringbuilder.h">
      <Filter>support</Filter>
    </ClInclude>
    <ClInclude Include="variant.h">
      <Filter>support</Filter>
    </ClInclude>
    <ClInclude Include="list.h">
      <Filter>support</Filter>
    </ClInclude>
    <ClInclude Include="log.h">
      <Filter>support</Filter>
    </ClInclude>
    <ClInclude Include="draw.h">
      <Filter>interface</Filter>
    </ClInclude>
    <ClInclude Include="color.h">
      <Filter>support</Filter>
    </ClInclude>
    <ClInclude Include="point.h">
      <Filter>support</Filter>
    </ClInclude>
    <ClInclude Include="rect.h">
      <Filter>support</Filter>
    </ClInclude>
    <ClInclude Include="screenshoot.h">
      <Filter>support</Filter>
    </ClInclude>
    <ClInclude Include="answers.h">
      <Filter>support</Filter>
    </ClInclude>
    <ClInclude Include="pushvalue.h">
      <Filter>support</Filter>
    </ClInclude>
    <ClInclude Include="win.h">
      <Filter>platform</Filter>
    </ClInclude>
    <ClInclude Include="gender.h">
      <Filter>logic</Filter>
    </ClInclude>
    <ClInclude Include="main_util.h">
      <Filter>utils</Filter>
    </ClInclude>
    <ClInclude Include="rects.h">
      <Filter>support</Filter>
    </ClInclude>
    <ClInclude Include="sprite_util.h">
      <Filter>utils</Filter>
    </ClInclude>
    <ClInclude Include="coloration.h">
      <Filter>logic</Filter>
    </ClInclude>
    <ClInclude Include="bstream.h">
      <Filter>support</Filter>
    </ClInclude>
    <ClInclude Include="resid.h">
      <Filter>interface</Filter>
    </ClInclude>
    <ClInclude Include="colorgrad.h">
      <Filter>interface</Filter>
    </ClInclude>
    <ClInclude Include="race.h">
      <Filter>logic</Filter>
    </ClInclude>
    <ClInclude Include="resinfo.h">
      <Filter>interface</Filter>
    </ClInclude>
    <ClInclude Include="portrait.h">
      <Filter>logic</Filter>
    </ClInclude>
    <ClInclude Include="collection.h">
      <Filter>support</Filter>
    </ClInclude>
    <ClInclude Include="area.h">
      <Filter>logic</Filter>
    </ClInclude>
    <ClInclude Include="region.h">
      <Filter>logic</Filter>
    </ClInclude>
    <ClInclude Include="door.h">
      <Filter>logic</Filter>
    </ClInclude>
    <ClInclude Include="archive.h">
      <Filter>support</Filter>
    </ClInclude>
    <ClInclude Include="damage.h">
      <Filter>logic</Filter>
    </ClInclude>
    <ClInclude Include="modifier.h">
      <Filter>logic</Filter>
    </ClInclude>
    <ClInclude Include="class.h">
      <Filter>logic</Filter>
    </ClInclude>
    <ClInclude Include="feat.h">
      <Filter>logic</Filter>
    </ClInclude>
    <ClInclude Include="attack.h">
      <Filter>logic</Filter>
    </ClInclude>
    <ClInclude Include="advance.h">
      <Filter>logic</Filter>
    </ClInclude>
    <ClInclude Include="alignment.h">
      <Filter>logic</Filter>
    </ClInclude>
    <ClInclude Include="scrollable.h">
      <Filter>support</Filter>
    </ClInclude>
    <ClInclude Include="drawable.h">
      <Filter>interface</Filter>
    </ClInclude>
    <ClInclude Include="skill.h">
      <Filter>logic</Filter>
    </ClInclude>
    <ClInclude Include="container.h">
      <Filter>logic</Filter>
    </ClInclude>
    <ClInclude Include="entrance.h">
      <Filter>logic</Filter>
    </ClInclude>
    <ClInclude Include="animation.h">
      <Filter>logic</Filter>
    </ClInclude>
    <ClInclude Include="floattext.h">
      <Filter>logic</Filter>
    </ClInclude>
    <ClInclude Include="console.h">
      <Filter>support</Filter>
    </ClInclude>
    <ClInclude Include="timer.h">
      <Filter>support</Filter>
    </ClInclude>
    <ClInclude Include="game.h">
      <Filter>logic</Filter>
    </ClInclude>
    <ClInclude Include="dice.h">
      <Filter>support</Filter>
    </ClInclude>
    <ClInclude Include="variable.h">
      <Filter>logic</Filter>
    </ClInclude>
    <ClInclude Include="tag.h">
      <Filter>logic</Filter>
    </ClInclude>
    <ClInclude Include="formation.h">
      <Filter>logic</Filter>
    </ClInclude>
    <ClInclude Include="actor.h">
      <Filter>logic</Filter>
    </ClInclude>
    <ClInclude Include="itemground.h">
      <Filter>logic</Filter>
    </ClInclude>
    <ClInclude Include="itema.h">
      <Filter>logic</Filter>
    </ClInclude>
    <ClInclude Include="cflags.h">
      <Filter>support</Filter>
    </ClInclude>
    <ClInclude Include="my_initialize_list.h">
      <Filter>support</Filter>
    </ClInclude>
    <ClInclude Include="ftflag.h">
      <Filter>support</Filter>
    </ClInclude>
    <ClInclude Include="worldmap.h">
      <Filter>logic</Filter>
    </ClInclude>
    <ClInclude Include="geography.h">
      <Filter>logic</Filter>
    </ClInclude>
    <ClInclude Include="calendar.h">
      <Filter>logic</Filter>
    </ClInclude>
    <ClInclude Include="draw_focus.h">
      <Filter>interface</Filter>
    </ClInclude>
    <ClInclude Include="store.h">
      <Filter>logic</Filter>
    </ClInclude>
    <ClInclude Include="iteminside.h">
      <Filter>logic</Filter>
    </ClInclude>
    <ClInclude Include="itemlist.h">
      <Filter>logic</Filter>
    </ClInclude>
    <ClInclude Include="order.h">
      <Filter>logic</Filter>
    </ClInclude>
    <ClInclude Include="flagable.h">
      <Filter>support</Filter>
    </ClInclude>
    <ClInclude Include="seqlink.h">
      <Filter>support</Filter>
    </ClInclude>
    <ClInclude Include="array.h">
      <Filter>support</Filter>
    </ClInclude>
    <ClInclude Include="stringvar.h">
      <Filter>support</Filter>
    </ClInclude>
    <ClInclude Include="view.h">
      <Filter>logic</Filter>
    </ClInclude>
    <ClInclude Include="view_list.h">
      <Filter>logic</Filter>
    </ClInclude>
    <ClInclude Include="help.h">
      <Filter>logic</Filter>
    </ClInclude>
    <ClInclude Include="spell.h">
      <Filter>logic</Filter>
    </ClInclude>
    <ClInclude Include="school.h">
      <Filter>logic</Filter>
    </ClInclude>
    <ClInclude Include="slice.h">
      <Filter>support</Filter>
    </ClInclude>
    <ClInclude Include="sliceu.h">
      <Filter>support</Filter>
    </ClInclude>
    <ClInclude Include="adat.h">
      <Filter>support</Filter>
    </ClInclude>
    <ClInclude Include="vector.h">
      <Filter>support</Filter>
    </ClInclude>
    <ClInclude Include="bsdata.h">
      <Filter>support</Filter>
    </ClInclude>
    <ClInclude Include="logvalue.h">
      <Filter>support</Filter>
    </ClInclude>
    <ClInclude Include="math.h">
      <Filter>support</Filter>
    </ClInclude>
    <ClInclude Include="rand.h">
      <Filter>support</Filter>
    </ClInclude>
    <ClInclude Include="diety.h">
      <Filter>logic</Filter>
    </ClInclude>
    <ClInclude Include="npc.h">
      <Filter>logic</Filter>
    </ClInclude>
    <ClInclude Include="duration.h">
      <Filter>logic</Filter>
    </ClInclude>
    <ClInclude Include="direction.h">
      <Filter>logic</Filter>
    </ClInclude>
  </ItemGroup>
</Project>